
Microsoft Visual Studio Solution File, Format Version 12.00
# Visual Studio Version 17
VisualStudioVersion = 17.10.35027.167
MinimumVisualStudioVersion = 10.0.40219.1
Project("{FAE04EC0-301F-11D3-BF4B-00C04F79EFBC}") = "College", "College\College.csproj", "{6F27DECC-A3DA-4CEA-8F37-F4E7FBF1AC76}"
EndProject
Global
	GlobalSection(SolutionConfigurationPlatforms) = preSolution
		Debug|Any CPU = Debug|Any CPU
		Release|Any CPU = Release|Any CPU
	EndGlobalSection
	GlobalSection(ProjectConfigurationPlatforms) = postSolution
		{6F27DECC-A3DA-4CEA-8F37-F4E7FBF1AC76}.Debug|Any CPU.ActiveCfg = Debug|Any CPU
		{6F27DECC-A3DA-4CEA-8F37-F4E7FBF1AC76}.Debug|Any CPU.Build.0 = Debug|Any CPU
		{6F27DECC-A3DA-4CEA-8F37-F4E7FBF1AC76}.Release|Any CPU.ActiveCfg = Release|Any CPU
		{6F27DECC-A3DA-4CEA-8F37-F4E7FBF1AC76}.Release|Any CPU.Build.0 = Release|Any CPU
	EndGlobalSection
	GlobalSection(SolutionProperties) = preSolution
		HideSolutionNode = FALSE
	EndGlobalSection
	GlobalSection(ExtensibilityGlobals) = postSolution
		SolutionGuid = {47B7877F-DD9B-497C-A12C-A0CCCC5F756B}
	EndGlobalSection
EndGlobal
